
Microsoft Visual Studio Solution File, Format Version 10.00
# Visual Studio 2008
Project("{FAE04EC0-301F-11D3-BF4B-00C04F79EFBC}") = "COM.SingNo.DAL", "COM.SingNo.DAL.csproj", "{66B7865E-95BF-4617-83AF-256AD517B43A}"
EndProject
Global
	GlobalSection(SolutionConfigurationPlatforms) = preSolution
		Debug|Any CPU = Debug|Any CPU
		Release|Any CPU = Release|Any CPU
	EndGlobalSection
	GlobalSection(ProjectConfigurationPlatforms) = postSolution
		{66B7865E-95BF-4617-83AF-256AD517B43A}.Debug|Any CPU.ActiveCfg = Debug|Any CPU
		{66B7865E-95BF-4617-83AF-256AD517B43A}.Debug|Any CPU.Build.0 = Debug|Any CPU
		{66B7865E-95BF-4617-83AF-256AD517B43A}.Release|Any CPU.ActiveCfg = Release|Any CPU
		{66B7865E-95BF-4617-83AF-256AD517B43A}.Release|Any CPU.Build.0 = Release|Any CPU
	EndGlobalSection
	GlobalSection(MonoDevelopProperties) = preSolution
		StartupItem = COM.SingNo.DAL.csproj
	EndGlobalSection
EndGlobal
